{
  "requires": true,
  "lockfileVersion": 1,
  "dependencies": {
    "javascript-lp-solver": {
      "version": "0.4.17",
      "resolved": "https://registry.npmjs.org/javascript-lp-solver/-/javascript-lp-solver-0.4.17.tgz",
      "integrity": "sha512-kJtkZ0RRaCUx7cKu/EDSvjftbZSaLMx3KQ1NL3YS7ZfXhC7bqLtjY1pkkn9cP3cii8HghD3VpyvBFILXyBP07A=="
    }
  }
}
